# Generated by pub
# See https://dart.dev/tools/pub/glossary#lockfile
packages:
  async:
    dependency: transitive
    description:
      name: async
      sha256: bfe67ef28df125b7dddcea62755991f807aa39a2492a23e1550161692950bbe0
      url: "https://pub.dev"
    source: hosted
    version: "2.10.0"
  boolean_selector:
    dependency: transitive
    description:
      name: boolean_selector
      sha256: "6cfb5af12253eaf2b368f07bacc5a80d1301a071c73360d746b7f2e32d762c66"
      url: "https://pub.dev"
    source: hosted
    version: "2.1.1"
  cached_network_image:
    dependency: "direct main"
    description:
      name: cached_network_image
      sha256: d96e0dddff86e63c8304f6fdf5b30a94a605f82bb41dd7b497b519806b8acbaf
      url: "https://pub.dev"
    source: hosted
    version: "2.3.3"
  characters:
    dependency: transitive
    description:
      name: characters
      sha256: e6a326c8af69605aec75ed6c187d06b349707a27fbff8222ca9cc2cff167975c
      url: "https://pub.dev"
    source: hosted
    version: "1.2.1"
  charcode:
    dependency: transitive
    description:
      name: charcode
      sha256: "8e36feea6de5ea69f2199f29cf42a450a855738c498b57c0b980e2d3cca9c362"
      url: "https://pub.dev"
    source: hosted
    version: "1.2.0"
  clock:
    dependency: transitive
    description:
      name: clock
      sha256: cb6d7f03e1de671e34607e909a7213e31d7752be4fb66a86d29fe1eb14bfb5cf
      url: "https://pub.dev"
    source: hosted
    version: "1.1.1"
  collection:
    dependency: transitive
    description:
      name: collection
      sha256: cfc915e6923fe5ce6e153b0723c753045de46de1b4d63771530504004a45fae0
      url: "https://pub.dev"
    source: hosted
    version: "1.17.0"
  convert:
    dependency: transitive
    description:
      name: convert
      sha256: "3fa83bc417e26f1d55814443a603747d48e3cdf55b2f4fea27dea8e9224dcefd"
      url: "https://pub.dev"
    source: hosted
    version: "2.1.1"
  crypto:
    dependency: transitive
    description:
      name: crypto
      sha256: ebdb34c9171ea8e566dbed1800349c4135c33d2994de39d74206a8ad242f34a9
      url: "https://pub.dev"
    source: hosted
    version: "2.1.3"
  cupertino_icons:
    dependency: "direct main"
    description:
      name: cupertino_icons
      sha256: e590b4212f085195dce802c2ae4c93dc3963e7e5f30a8f86ee212858c29ce186
      url: "https://pub.dev"
    source: hosted
    version: "0.1.2"
  fake_async:
    dependency: transitive
    description:
      name: fake_async
      sha256: "511392330127add0b769b75a987850d136345d9227c6b94c96a04cf4a391bf78"
      url: "https://pub.dev"
    source: hosted
    version: "1.3.1"
  file:
    dependency: transitive
    description:
      name: file
      sha256: "781811e896666e9a728fd85b13129e32d73f05167a5da1891739f4609c6a8d7d"
      url: "https://pub.dev"
    source: hosted
    version: "5.2.1"
  flutter:
    dependency: "direct main"
    description: flutter
    source: sdk
    version: "0.0.0"
  flutter_blurhash:
    dependency: transitive
    description:
      name: flutter_blurhash
      sha256: "339d896c432b8d10d558620cc1614757f8f723b208eebde84531c620928a9230"
      url: "https://pub.dev"
    source: hosted
    version: "0.5.0"
  flutter_cache_manager:
    dependency: transitive
    description:
      name: flutter_cache_manager
      sha256: "79cc27e0d57a0b9bf317f96d99d8cea50dd5a8829f273dd80bda4b42cedf7eea"
      url: "https://pub.dev"
    source: hosted
    version: "1.4.2"
  flutter_exoplayer:
    dependency: "direct main"
    description:
      path: "."
      ref: HEAD
      resolved-ref: "93e9e7fa538ad6b54bc8d98213e8636e008638d1"
      url: "git@github.com:deep-gaurav/flutter_exoplayer.git"
    source: git
    version: "0.5.3"
  flutter_test:
    dependency: "direct dev"
    description: flutter
    source: sdk
    version: "0.0.0"
  fluttery_dart2:
    dependency: "direct main"
    description:
      name: fluttery_dart2
      sha256: "90a4a36ae6ba488d5c0d33a573d1aa54f02ada0527bd90aa8c792329d047e54c"
      url: "https://pub.dev"
    source: hosted
    version: "0.0.9"
  http:
    dependency: "direct main"
    description:
      name: http
      sha256: d7242032a4dbd7563409dc098b155368d843a2fc8d735c645359b691af481f68
      url: "https://pub.dev"
    source: hosted
    version: "0.12.0+2"
  http_parser:
    dependency: transitive
    description:
      name: http_parser
      sha256: "922804ee33df3ffe79675509bc20a61f6bd06ad733cef811616790948b99d74b"
      url: "https://pub.dev"
    source: hosted
    version: "3.1.3"
  idb_shim:
    dependency: "direct main"
    description:
      name: idb_shim
      sha256: "434bd16c98a33af9512ec690a8bfa7803dd4cc0b6a8c86f018ab8b4bfeebad11"
      url: "https://pub.dev"
    source: hosted
    version: "1.10.0"
  intl:
    dependency: transitive
    description:
      name: intl
      sha256: "4691515bb3f68ebbc4776bc97a84d429bb8e8c141a77b5ab988a4b02adb1747a"
      url: "https://pub.dev"
    source: hosted
    version: "0.16.1"
  js:
    dependency: transitive
    description:
      name: js
      sha256: "5528c2f391ededb7775ec1daa69e65a2d61276f7552de2b5f7b8d34ee9fd4ab7"
      url: "https://pub.dev"
    source: hosted
    version: "0.6.5"
  matcher:
    dependency: transitive
    description:
      name: matcher
      sha256: "16db949ceee371e9b99d22f88fa3a73c4e59fd0afed0bd25fc336eb76c198b72"
      url: "https://pub.dev"
    source: hosted
    version: "0.12.13"
  material_color_utilities:
    dependency: transitive
    description:
      name: material_color_utilities
      sha256: d92141dc6fe1dad30722f9aa826c7fbc896d021d792f80678280601aff8cf724
      url: "https://pub.dev"
    source: hosted
    version: "0.2.0"
  meta:
    dependency: transitive
    description:
      name: meta
      sha256: "6c268b42ed578a53088d834796959e4a1814b5e9e164f147f580a386e5decf42"
      url: "https://pub.dev"
    source: hosted
    version: "1.8.0"
  octo_image:
    dependency: transitive
    description:
      name: octo_image
      sha256: a261b7ac13f1129286e07206264f0df66d233f9aac3381566e09a5c0dfc30652
      url: "https://pub.dev"
    source: hosted
    version: "0.3.0"
  package_info:
    dependency: "direct main"
    description:
      name: package_info
      sha256: "8d320c27562dfe2506bf86b614866f5422ae00dcc2e3811d79c85462ab11b53a"
      url: "https://pub.dev"
    source: hosted
    version: "0.4.0+10"
  path:
    dependency: transitive
    description:
      name: path
      sha256: db9d4f58c908a4ba5953fcee2ae317c94889433e5024c27ce74a37f94267945b
      url: "https://pub.dev"
    source: hosted
    version: "1.8.2"
  path_provider:
    dependency: "direct main"
    description:
      name: path_provider
      sha256: "267c49ffcccfc312ef65eff8fea7f3741e760f8b109dac5a3db8a07856affce0"
      url: "https://pub.dev"
    source: hosted
    version: "1.4.0"
  pedantic:
    dependency: transitive
    description:
      name: pedantic
      sha256: "47dbb0d43378d6505c9863c4f7096a82b88efb0a5c948f937ca9f0c67f099da4"
      url: "https://pub.dev"
    source: hosted
    version: "1.8.0+1"
  petitparser:
    dependency: transitive
    description:
      name: petitparser
      sha256: "4525e4341c9aabc4023700abff9b2e26f969dff9476ddf8f40de63ee5748acab"
      url: "https://pub.dev"
    source: hosted
    version: "2.4.0"
  platform:
    dependency: transitive
    description:
      name: platform
      sha256: "2d03e4330ae22fc7fc0dd38c1fc6d0a9dc7ff10d7deea6dbb2583f7e5c053453"
      url: "https://pub.dev"
    source: hosted
    version: "2.2.1"
  rxdart:
    dependency: transitive
    description:
      name: rxdart
      sha256: "0beed4211050b09650da49fedc3a18dedf8601ba8ce041d7ce06db73cb2aa97e"
      url: "https://pub.dev"
    source: hosted
    version: "0.24.1"
  sembast:
    dependency: transitive
    description:
      name: sembast
      sha256: "7b73ee182062f8dc32b000cce525991120901a6620e9ba8edef99565e0f6977a"
      url: "https://pub.dev"
    source: hosted
    version: "2.1.0+1"
  share:
    dependency: "direct main"
    description:
      name: share
      sha256: ba41a2776d49dabadd40da53ba45f25fcffd7e3bc87db348ed2ee0d4d6fec784
      url: "https://pub.dev"
    source: hosted
    version: "0.6.3+1"
  sky_engine:
    dependency: transitive
    description: flutter
    source: sdk
    version: "0.0.99"
  source_span:
    dependency: transitive
    description:
      name: source_span
      sha256: dd904f795d4b4f3b870833847c461801f6750a9fa8e61ea5ac53f9422b31f250
      url: "https://pub.dev"
    source: hosted
    version: "1.9.1"
  sqflite:
    dependency: transitive
    description:
      name: sqflite
      sha256: "6baa7eac6903685c8f277158c9bbb57335fc72a215ef4d7a9fe3b2ac7ac623fc"
      url: "https://pub.dev"
    source: hosted
    version: "1.1.7+2"
  stack_trace:
    dependency: transitive
    description:
      name: stack_trace
      sha256: c3c7d8edb15bee7f0f74debd4b9c5f3c2ea86766fe4178eb2a18eb30a0bdaed5
      url: "https://pub.dev"
    source: hosted
    version: "1.11.0"
  stream_channel:
    dependency: transitive
    description:
      name: stream_channel
      sha256: "83615bee9045c1d322bbbd1ba209b7a749c2cbcdcb3fdd1df8eb488b3279c1c8"
      url: "https://pub.dev"
    source: hosted
    version: "2.1.1"
  string_scanner:
    dependency: transitive
    description:
      name: string_scanner
      sha256: "556692adab6cfa87322a115640c11f13cb77b3f076ddcc5d6ae3c20242bedcde"
      url: "https://pub.dev"
    source: hosted
    version: "1.2.0"
  synchronized:
    dependency: transitive
    description:
      name: synchronized
      sha256: de067bff7b08a743828f94e78115e6f535e62d031095dcfbaac8aaca449ba9f2
      url: "https://pub.dev"
    source: hosted
    version: "2.1.0+1"
  term_glyph:
    dependency: transitive
    description:
      name: term_glyph
      sha256: a29248a84fbb7c79282b40b8c72a1209db169a2e0542bce341da992fe1bc7e84
      url: "https://pub.dev"
    source: hosted
    version: "1.2.1"
  test_api:
    dependency: transitive
    description:
      name: test_api
      sha256: ad540f65f92caa91bf21dfc8ffb8c589d6e4dc0c2267818b4cc2792857706206
      url: "https://pub.dev"
    source: hosted
    version: "0.4.16"
  typed_data:
    dependency: transitive
    description:
      name: typed_data
      sha256: "53bdf7e979cfbf3e28987552fd72f637e63f3c8724c9e56d9246942dc2fa36ee"
      url: "https://pub.dev"
    source: hosted
    version: "1.3.0"
  url_launcher:
    dependency: "direct main"
    description:
      name: url_launcher
      sha256: c8c4f16092aa8c2e048daf00b35be9ed9968644184f9b961e51947f3333a80cd
      url: "https://pub.dev"
    source: hosted
    version: "5.2.5"
  url_launcher_platform_interface:
    dependency: transitive
    description:
      name: url_launcher_platform_interface
      sha256: "9b5396f49780ac4f3e6563ab0936d8218182b0f1498318b5a7d1528e0293704f"
      url: "https://pub.dev"
    source: hosted
    version: "1.0.1"
  uuid:
    dependency: transitive
    description:
      name: uuid
      sha256: "9007ebb83cdc5028ecf2bc789676bfe8b60d3fef9e8d09e38ef6c7fe59a18370"
      url: "https://pub.dev"
    source: hosted
    version: "2.0.2"
  vector_math:
    dependency: transitive
    description:
      name: vector_math
      sha256: "80b3257d1492ce4d091729e3a67a60407d227c27241d6927be0130c98e741803"
      url: "https://pub.dev"
    source: hosted
    version: "2.1.4"
  xml:
    dependency: transitive
    description:
      name: xml
      sha256: "3a42822cbfa529f8294e6aa1bb941a264161afa469f5dfa54c6f2ea8f2703f4d"
      url: "https://pub.dev"
    source: hosted
    version: "3.5.0"
  youtube_extractor:
    dependency: "direct main"
    description:
      name: youtube_extractor
      sha256: "82bee4bff5a53cc816e9a19f43efce5d79f8212d9365e36de51de4099e77f673"
      url: "https://pub.dev"
    source: hosted
    version: "1.0.4"
sdks:
  dart: ">=2.18.0 <3.0.0"
  flutter: ">=1.20.0"
